
Microsoft Visual Studio Solution File, Format Version 12.00
# Visual Studio Version 16
VisualStudioVersion = 16.0.32106.194
MinimumVisualStudioVersion = 10.0.40219.1
Project("{9A19103F-16F7-4668-BE54-9A1E7A4F7556}") = "Lab02", "Lab02.csproj", "{1FA128E2-3B36-48BA-B104-E4A4E4843C8E}"
EndProject
Project("{9A19103F-16F7-4668-BE54-9A1E7A4F7556}") = "DataLibrary", "..\ClassLibrary1\DataLibrary.csproj", "{7FEF2BA7-5BAF-45C4-B577-F1A117917581}"
EndProject
Global
	GlobalSection(SolutionConfigurationPlatforms) = preSolution
		Debug|Any CPU = Debug|Any CPU
		Release|Any CPU = Release|Any CPU
	EndGlobalSection
	GlobalSection(ProjectConfigurationPlatforms) = postSolution
		{1FA128E2-3B36-48BA-B104-E4A4E4843C8E}.Debug|Any CPU.ActiveCfg = Debug|Any CPU
		{1FA128E2-3B36-48BA-B104-E4A4E4843C8E}.Debug|Any CPU.Build.0 = Debug|Any CPU
		{1FA128E2-3B36-48BA-B104-E4A4E4843C8E}.Release|Any CPU.ActiveCfg = Release|Any CPU
		{1FA128E2-3B36-48BA-B104-E4A4E4843C8E}.Release|Any CPU.Build.0 = Release|Any CPU
		{7FEF2BA7-5BAF-45C4-B577-F1A117917581}.Debug|Any CPU.ActiveCfg = Debug|Any CPU
		{7FEF2BA7-5BAF-45C4-B577-F1A117917581}.Debug|Any CPU.Build.0 = Debug|Any CPU
		{7FEF2BA7-5BAF-45C4-B577-F1A117917581}.Release|Any CPU.ActiveCfg = Release|Any CPU
		{7FEF2BA7-5BAF-45C4-B577-F1A117917581}.Release|Any CPU.Build.0 = Release|Any CPU
	EndGlobalSection
	GlobalSection(SolutionProperties) = preSolution
		HideSolutionNode = FALSE
	EndGlobalSection
	GlobalSection(ExtensibilityGlobals) = postSolution
		SolutionGuid = {98172523-44A1-4832-8CD1-22D2D7E148DC}
	EndGlobalSection
EndGlobal
